
Microsoft Visual Studio Solution File, Format Version 12.00
# Visual Studio Version 17
VisualStudioVersion = 17.7.34031.279
MinimumVisualStudioVersion = 10.0.40219.1
Project("{FAE04EC0-301F-11D3-BF4B-00C04F79EFBC}") = "HomeAppliancesCost", "HomeAppliancesCost\HomeAppliancesCost.csproj", "{7E9149BA-20AA-4DA8-913F-93064632BB93}"
EndProject
Global
	GlobalSection(SolutionConfigurationPlatforms) = preSolution
		Debug|Any CPU = Debug|Any CPU
		Release|Any CPU = Release|Any CPU
	EndGlobalSection
	GlobalSection(ProjectConfigurationPlatforms) = postSolution
		{7E9149BA-20AA-4DA8-913F-93064632BB93}.Debug|Any CPU.ActiveCfg = Debug|Any CPU
		{7E9149BA-20AA-4DA8-913F-93064632BB93}.Debug|Any CPU.Build.0 = Debug|Any CPU
		{7E9149BA-20AA-4DA8-913F-93064632BB93}.Release|Any CPU.ActiveCfg = Release|Any CPU
		{7E9149BA-20AA-4DA8-913F-93064632BB93}.Release|Any CPU.Build.0 = Release|Any CPU
	EndGlobalSection
	GlobalSection(SolutionProperties) = preSolution
		HideSolutionNode = FALSE
	EndGlobalSection
	GlobalSection(ExtensibilityGlobals) = postSolution
		SolutionGuid = {199D0242-200D-4460-84B7-6376E7F1D540}
	EndGlobalSection
EndGlobal
